{
  "name": "animation",
  "version": "0.0.1",
  "lockfileVersion": 1,
  "requires": true,
  "dependencies": {
    "@proyecto26/animatable-component": {
      "version": "1.0.1",
      "resolved": "https://registry.npmjs.org/@proyecto26/animatable-component/-/animatable-component-1.0.1.tgz",
      "integrity": "sha512-VkXmDareeWS1uK6+UiD3I7jleampfUT/SfGphLPLYx2MTZfWyucEtxmBja/aKVlmLPb5W8HzRBoICy5Rb6w9BQ=="
    },
    "@stencil/core": {
      "version": "1.8.4",
      "resolved": "https://registry.npmjs.org/@stencil/core/-/core-1.8.4.tgz",
      "integrity": "sha512-QqMd7PtqsnhZCqflGp1pQNhbMSaqJho9l5ZSZfbl2OP2q1SdVuKUl/vatAT+++Ml7duC6OZCNsvhLvvP6Mr7GQ==",
      "dev": true,
      "requires": {
        "typescript": "3.7.2"
      }
    },
    "typescript": {
      "version": "3.7.2",
      "resolved": "https://registry.npmjs.org/typescript/-/typescript-3.7.2.tgz",
      "integrity": "sha512-ml7V7JfiN2Xwvcer+XAf2csGO1bPBdRbFCkYBczNZggrBZ9c7G3riSUeJmqEU5uOtXNPMhE3n+R4FA/3YOAWOQ==",
      "dev": true
    }
  }
}
